// !$*UTF8*$!
{
	archiveVersion = 1;
	classes = {
	};
	objectVersion = 56;
	objects = {

/* Begin PBXBuildFile section */
		3C18B1902C64F18700C4C1CA /* BeardOverviewViewModel.swift in Sources */ = {isa = PBXBuildFile; fileRef = 3C18B18F2C64F18700C4C1CA /* BeardOverviewViewModel.swift */; };
		3C18B2722C6CF84D00C4C1CA /* ShareView.swift in Sources */ = {isa = PBXBuildFile; fileRef = 3C18B2712C6CF84D00C4C1CA /* ShareView.swift */; };
		3C31A45B2C61328D00A6D1F5 /* CloudSageApp.swift in Sources */ = {isa = PBXBuildFile; fileRef = 3C31A45A2C61328D00A6D1F5 /* CloudSageApp.swift */; };
		3C31A45D2C61328D00A6D1F5 /* ContentView.swift in Sources */ = {isa = PBXBuildFile; fileRef = 3C31A45C2C61328D00A6D1F5 /* ContentView.swift */; };
		3C31A45F2C61328F00A6D1F5 /* Assets.xcassets in Resources */ = {isa = PBXBuildFile; fileRef = 3C31A45E2C61328F00A6D1F5 /* Assets.xcassets */; };
		3C31A4622C61328F00A6D1F5 /* Preview Assets.xcassets in Resources */ = {isa = PBXBuildFile; fileRef = 3C31A4612C61328F00A6D1F5 /* Preview Assets.xcassets */; };
		3C31A4692C613F8600A6D1F5 /* TypeWriterTextView.swift in Sources */ = {isa = PBXBuildFile; fileRef = 3C31A4682C613F8600A6D1F5 /* TypeWriterTextView.swift */; };
		3C31A4712C6262BB00A6D1F5 /* OnBoardingView.swift in Sources */ = {isa = PBXBuildFile; fileRef = 3C31A4702C6262BB00A6D1F5 /* OnBoardingView.swift */; };
		3C31A4772C62641B00A6D1F5 /* MainView.swift in Sources */ = {isa = PBXBuildFile; fileRef = 3C31A4762C62641B00A6D1F5 /* MainView.swift */; };
		3C31A47A2C6264D100A6D1F5 /* CornerRadiusExtension.swift in Sources */ = {isa = PBXBuildFile; fileRef = 3C31A4792C6264D100A6D1F5 /* CornerRadiusExtension.swift */; };
		3C31A47F2C626E9400A6D1F5 /* BeardDesignView.swift in Sources */ = {isa = PBXBuildFile; fileRef = 3C31A47E2C626E9400A6D1F5 /* BeardDesignView.swift */; };
		3C31A4822C62B55300A6D1F5 /* MainViewModel.swift in Sources */ = {isa = PBXBuildFile; fileRef = 3C31A4812C62B55300A6D1F5 /* MainViewModel.swift */; };
		3C31A4872C63A52B00A6D1F5 /* BeardDesignViewModel.swift in Sources */ = {isa = PBXBuildFile; fileRef = 3C31A4862C63A52B00A6D1F5 /* BeardDesignViewModel.swift */; };
		3C31A4892C63BB3600A6D1F5 /* Skin.swift in Sources */ = {isa = PBXBuildFile; fileRef = 3C31A4882C63BB3600A6D1F5 /* Skin.swift */; };
		3C31A48B2C63E59400A6D1F5 /* Cloud.swift in Sources */ = {isa = PBXBuildFile; fileRef = 3C31A48A2C63E59400A6D1F5 /* Cloud.swift */; };
		3C31A48D2C63E94500A6D1F5 /* CameraView.swift in Sources */ = {isa = PBXBuildFile; fileRef = 3C31A48C2C63E94500A6D1F5 /* CameraView.swift */; };
		3C31A48F2C63F18A00A6D1F5 /* CameraViewModel.swift in Sources */ = {isa = PBXBuildFile; fileRef = 3C31A48E2C63F18A00A6D1F5 /* CameraViewModel.swift */; };
		3C31A4912C63F74600A6D1F5 /* TrackResultView.swift in Sources */ = {isa = PBXBuildFile; fileRef = 3C31A4902C63F74600A6D1F5 /* TrackResultView.swift */; };
		3C31A4932C63FAF900A6D1F5 /* ToSquareImageExtension.swift in Sources */ = {isa = PBXBuildFile; fileRef = 3C31A4922C63FAF900A6D1F5 /* ToSquareImageExtension.swift */; };
		3C31A4962C64D26000A6D1F5 /* HapticManager.swift in Sources */ = {isa = PBXBuildFile; fileRef = 3C31A4952C64D26000A6D1F5 /* HapticManager.swift */; };
		3C31A4982C64D8C800A6D1F5 /* BeardOverviewView.swift in Sources */ = {isa = PBXBuildFile; fileRef = 3C31A4972C64D8C800A6D1F5 /* BeardOverviewView.swift */; };
		3C5DE00D2C71E21400A1D0B4 /* Localizable.xcstrings in Resources */ = {isa = PBXBuildFile; fileRef = 3C5DE00C2C71E21400A1D0B4 /* Localizable.xcstrings */; };
		3CEF28232C90A29F009B66E7 /* GoogleMobileAds in Frameworks */ = {isa = PBXBuildFile; productRef = 3CEF28222C90A29F009B66E7 /* GoogleMobileAds */; };
		3CEF28262C90A390009B66E7 /* GoogleMobileAdsManager.swift in Sources */ = {isa = PBXBuildFile; fileRef = 3CEF28252C90A390009B66E7 /* GoogleMobileAdsManager.swift */; };
		3CEF28292C91BB1D009B66E7 /* Common.swift in Sources */ = {isa = PBXBuildFile; fileRef = 3CEF28282C91BB1C009B66E7 /* Common.swift */; };
/* End PBXBuildFile section */

/* Begin PBXFileReference section */
		3C18B18F2C64F18700C4C1CA /* BeardOverviewViewModel.swift */ = {isa = PBXFileReference; lastKnownFileType = sourcecode.swift; path = BeardOverviewViewModel.swift; sourceTree = "<group>"; };
		3C18B2712C6CF84D00C4C1CA /* ShareView.swift */ = {isa = PBXFileReference; lastKnownFileType = sourcecode.swift; path = ShareView.swift; sourceTree = "<group>"; };
		3C31A4572C61328D00A6D1F5 /* CloudSage.app */ = {isa = PBXFileReference; explicitFileType = wrapper.application; includeInIndex = 0; path = CloudSage.app; sourceTree = BUILT_PRODUCTS_DIR; };
		3C31A45A2C61328D00A6D1F5 /* CloudSageApp.swift */ = {isa = PBXFileReference; lastKnownFileType = sourcecode.swift; path = CloudSageApp.swift; sourceTree = "<group>"; };
		3C31A45C2C61328D00A6D1F5 /* ContentView.swift */ = {isa = PBXFileReference; lastKnownFileType = sourcecode.swift; path = ContentView.swift; sourceTree = "<group>"; };
		3C31A45E2C61328F00A6D1F5 /* Assets.xcassets */ = {isa = PBXFileReference; lastKnownFileType = folder.assetcatalog; path = Assets.xcassets; sourceTree = "<group>"; };
		3C31A4612C61328F00A6D1F5 /* Preview Assets.xcassets */ = {isa = PBXFileReference; lastKnownFileType = folder.assetcatalog; path = "Preview Assets.xcassets"; sourceTree = "<group>"; };
		3C31A4682C613F8600A6D1F5 /* TypeWriterTextView.swift */ = {isa = PBXFileReference; lastKnownFileType = sourcecode.swift; path = TypeWriterTextView.swift; sourceTree = "<group>"; };
		3C31A4702C6262BB00A6D1F5 /* OnBoardingView.swift */ = {isa = PBXFileReference; lastKnownFileType = sourcecode.swift; path = OnBoardingView.swift; sourceTree = "<group>"; };
		3C31A4762C62641B00A6D1F5 /* MainView.swift */ = {isa = PBXFileReference; lastKnownFileType = sourcecode.swift; path = MainView.swift; sourceTree = "<group>"; };
		3C31A4792C6264D100A6D1F5 /* CornerRadiusExtension.swift */ = {isa = PBXFileReference; lastKnownFileType = sourcecode.swift; path = CornerRadiusExtension.swift; sourceTree = "<group>"; };
		3C31A47E2C626E9400A6D1F5 /* BeardDesignView.swift */ = {isa = PBXFileReference; lastKnownFileType = sourcecode.swift; path = BeardDesignView.swift; sourceTree = "<group>"; };
		3C31A4812C62B55300A6D1F5 /* MainViewModel.swift */ = {isa = PBXFileReference; lastKnownFileType = sourcecode.swift; path = MainViewModel.swift; sourceTree = "<group>"; };
		3C31A4862C63A52B00A6D1F5 /* BeardDesignViewModel.swift */ = {isa = PBXFileReference; lastKnownFileType = sourcecode.swift; path = BeardDesignViewModel.swift; sourceTree = "<group>"; };
		3C31A4882C63BB3600A6D1F5 /* Skin.swift */ = {isa = PBXFileReference; lastKnownFileType = sourcecode.swift; path = Skin.swift; sourceTree = "<group>"; };
		3C31A48A2C63E59400A6D1F5 /* Cloud.swift */ = {isa = PBXFileReference; lastKnownFileType = sourcecode.swift; path = Cloud.swift; sourceTree = "<group>"; };
		3C31A48C2C63E94500A6D1F5 /* CameraView.swift */ = {isa = PBXFileReference; lastKnownFileType = sourcecode.swift; path = CameraView.swift; sourceTree = "<group>"; };
		3C31A48E2C63F18A00A6D1F5 /* CameraViewModel.swift */ = {isa = PBXFileReference; lastKnownFileType = sourcecode.swift; path = CameraViewModel.swift; sourceTree = "<group>"; };
		3C31A4902C63F74600A6D1F5 /* TrackResultView.swift */ = {isa = PBXFileReference; lastKnownFileType = sourcecode.swift; path = TrackResultView.swift; sourceTree = "<group>"; };
		3C31A4922C63FAF900A6D1F5 /* ToSquareImageExtension.swift */ = {isa = PBXFileReference; lastKnownFileType = sourcecode.swift; path = ToSquareImageExtension.swift; sourceTree = "<group>"; };
		3C31A4952C64D26000A6D1F5 /* HapticManager.swift */ = {isa = PBXFileReference; lastKnownFileType = sourcecode.swift; path = HapticManager.swift; sourceTree = "<group>"; };
		3C31A4972C64D8C800A6D1F5 /* BeardOverviewView.swift */ = {isa = PBXFileReference; lastKnownFileType = sourcecode.swift; path = BeardOverviewView.swift; sourceTree = "<group>"; };
		3C5DE00C2C71E21400A1D0B4 /* Localizable.xcstrings */ = {isa = PBXFileReference; lastKnownFileType = text.json.xcstrings; path = Localizable.xcstrings; sourceTree = "<group>"; };
		3CEF28242C90A340009B66E7 /* Info.plist */ = {isa = PBXFileReference; lastKnownFileType = text.plist; path = Info.plist; sourceTree = "<group>"; };
		3CEF28252C90A390009B66E7 /* GoogleMobileAdsManager.swift */ = {isa = PBXFileReference; lastKnownFileType = sourcecode.swift; path = GoogleMobileAdsManager.swift; sourceTree = "<group>"; };
		3CEF28282C91BB1C009B66E7 /* Common.swift */ = {isa = PBXFileReference; lastKnownFileType = sourcecode.swift; path = Common.swift; sourceTree = "<group>"; };
		3CEF282A2C91EEEE009B66E7 /* Secrets.xcconfig */ = {isa = PBXFileReference; lastKnownFileType = text.xcconfig; path = Secrets.xcconfig; sourceTree = "<group>"; };
/* End PBXFileReference section */

/* Begin PBXFrameworksBuildPhase section */
		3C31A4542C61328D00A6D1F5 /* Frameworks */ = {
			isa = PBXFrameworksBuildPhase;
			buildActionMask = 2147483647;
			files = (
				3CEF28232C90A29F009B66E7 /* GoogleMobileAds in Frameworks */,
			);
			runOnlyForDeploymentPostprocessing = 0;
		};
/* End PBXFrameworksBuildPhase section */

/* Begin PBXGroup section */
		3C18B2702C6CF83F00C4C1CA /* Share */ = {
			isa = PBXGroup;
			children = (
				3C18B2712C6CF84D00C4C1CA /* ShareView.swift */,
			);
			path = Share;
			sourceTree = "<group>";
		};
		3C31A44E2C61328D00A6D1F5 = {
			isa = PBXGroup;
			children = (
				3CEF282A2C91EEEE009B66E7 /* Secrets.xcconfig */,
				3C31A4592C61328D00A6D1F5 /* CloudSage */,
				3C31A4582C61328D00A6D1F5 /* Products */,
			);
			sourceTree = "<group>";
		};
		3C31A4582C61328D00A6D1F5 /* Products */ = {
			isa = PBXGroup;
			children = (
				3C31A4572C61328D00A6D1F5 /* CloudSage.app */,
			);
			name = Products;
			sourceTree = "<group>";
		};
		3C31A4592C61328D00A6D1F5 /* CloudSage */ = {
			isa = PBXGroup;
			children = (
				3CEF28242C90A340009B66E7 /* Info.plist */,
				3C5DE00C2C71E21400A1D0B4 /* Localizable.xcstrings */,
				3C31A4942C64D24400A6D1F5 /* Manager */,
				3C31A4852C6398DF00A6D1F5 /* Models */,
				3C31A4782C6264B600A6D1F5 /* Extension */,
				3C31A4732C62636300A6D1F5 /* App */,
				3C31A4802C62B53900A6D1F5 /* ViewModels */,
				3C31A4722C62632F00A6D1F5 /* Views */,
				3C31A45E2C61328F00A6D1F5 /* Assets.xcassets */,
				3C31A4602C61328F00A6D1F5 /* Preview Content */,
			);
			path = CloudSage;
			sourceTree = "<group>";
		};
		3C31A4602C61328F00A6D1F5 /* Preview Content */ = {
			isa = PBXGroup;
			children = (
				3C31A4612C61328F00A6D1F5 /* Preview Assets.xcassets */,
			);
			path = "Preview Content";
			sourceTree = "<group>";
		};
		3C31A4722C62632F00A6D1F5 /* Views */ = {
			isa = PBXGroup;
			children = (
				3CEF28272C91BB0C009B66E7 /* Component */,
				3C18B2702C6CF83F00C4C1CA /* Share */,
				3C31A47D2C626E6C00A6D1F5 /* BeardTrack */,
				3C31A47C2C626E3300A6D1F5 /* BeardOverview */,
				3C31A47B2C626E2500A6D1F5 /* BeardDesign */,
				3C31A4752C62640D00A6D1F5 /* Main */,
				3C31A4742C62638A00A6D1F5 /* Onboarding */,
				3C31A45C2C61328D00A6D1F5 /* ContentView.swift */,
			);
			path = Views;
			sourceTree = "<group>";
		};
		3C31A4732C62636300A6D1F5 /* App */ = {
			isa = PBXGroup;
			children = (
				3C31A45A2C61328D00A6D1F5 /* CloudSageApp.swift */,
			);
			path = App;
			sourceTree = "<group>";
		};
		3C31A4742C62638A00A6D1F5 /* Onboarding */ = {
			isa = PBXGroup;
			children = (
				3C31A4702C6262BB00A6D1F5 /* OnBoardingView.swift */,
				3C31A4682C613F8600A6D1F5 /* TypeWriterTextView.swift */,
			);
			path = Onboarding;
			sourceTree = "<group>";
		};
		3C31A4752C62640D00A6D1F5 /* Main */ = {
			isa = PBXGroup;
			children = (
				3C31A4762C62641B00A6D1F5 /* MainView.swift */,
			);
			path = Main;
			sourceTree = "<group>";
		};
		3C31A4782C6264B600A6D1F5 /* Extension */ = {
			isa = PBXGroup;
			children = (
				3C31A4792C6264D100A6D1F5 /* CornerRadiusExtension.swift */,
				3C31A4922C63FAF900A6D1F5 /* ToSquareImageExtension.swift */,
			);
			path = Extension;
			sourceTree = "<group>";
		};
		3C31A47B2C626E2500A6D1F5 /* BeardDesign */ = {
			isa = PBXGroup;
			children = (
				3C31A47E2C626E9400A6D1F5 /* BeardDesignView.swift */,
			);
			path = BeardDesign;
			sourceTree = "<group>";
		};
		3C31A47C2C626E3300A6D1F5 /* BeardOverview */ = {
			isa = PBXGroup;
			children = (
				3C31A4972C64D8C800A6D1F5 /* BeardOverviewView.swift */,
			);
			path = BeardOverview;
			sourceTree = "<group>";
		};
		3C31A47D2C626E6C00A6D1F5 /* BeardTrack */ = {
			isa = PBXGroup;
			children = (
				3C31A48C2C63E94500A6D1F5 /* CameraView.swift */,
				3C31A4902C63F74600A6D1F5 /* TrackResultView.swift */,
			);
			path = BeardTrack;
			sourceTree = "<group>";
		};
		3C31A4802C62B53900A6D1F5 /* ViewModels */ = {
			isa = PBXGroup;
			children = (
				3C31A4812C62B55300A6D1F5 /* MainViewModel.swift */,
				3C31A4862C63A52B00A6D1F5 /* BeardDesignViewModel.swift */,
				3C31A48E2C63F18A00A6D1F5 /* CameraViewModel.swift */,
				3C18B18F2C64F18700C4C1CA /* BeardOverviewViewModel.swift */,
			);
			path = ViewModels;
			sourceTree = "<group>";
		};
		3C31A4852C6398DF00A6D1F5 /* Models */ = {
			isa = PBXGroup;
			children = (
				3C31A4882C63BB3600A6D1F5 /* Skin.swift */,
				3C31A48A2C63E59400A6D1F5 /* Cloud.swift */,
			);
			path = Models;
			sourceTree = "<group>";
		};
		3C31A4942C64D24400A6D1F5 /* Manager */ = {
			isa = PBXGroup;
			children = (
				3C31A4952C64D26000A6D1F5 /* HapticManager.swift */,
				3CEF28252C90A390009B66E7 /* GoogleMobileAdsManager.swift */,
			);
			path = Manager;
			sourceTree = "<group>";
		};
		3CEF28272C91BB0C009B66E7 /* Component */ = {
			isa = PBXGroup;
			children = (
				3CEF28282C91BB1C009B66E7 /* Common.swift */,
			);
			path = Component;
			sourceTree = "<group>";
		};
/* End PBXGroup section */

/* Begin PBXNativeTarget section */
		3C31A4562C61328D00A6D1F5 /* CloudSage */ = {
			isa = PBXNativeTarget;
			buildConfigurationList = 3C31A4652C61328F00A6D1F5 /* Build configuration list for PBXNativeTarget "CloudSage" */;
			buildPhases = (
				3C31A4532C61328D00A6D1F5 /* Sources */,
				3C31A4542C61328D00A6D1F5 /* Frameworks */,
				3C31A4552C61328D00A6D1F5 /* Resources */,
			);
			buildRules = (
			);
			dependencies = (
			);
			name = CloudSage;
			packageProductDependencies = (
				3CEF28222C90A29F009B66E7 /* GoogleMobileAds */,
			);
			productName = CloudSage;
			productReference = 3C31A4572C61328D00A6D1F5 /* CloudSage.app */;
			productType = "com.apple.product-type.application";
		};
/* End PBXNativeTarget section */

/* Begin PBXProject section */
		3C31A44F2C61328D00A6D1F5 /* Project object */ = {
			isa = PBXProject;
			attributes = {
				BuildIndependentTargetsInParallel = 1;
				LastSwiftUpdateCheck = 1540;
				LastUpgradeCheck = 1540;
				TargetAttributes = {
					3C31A4562C61328D00A6D1F5 = {
						CreatedOnToolsVersion = 15.4;
					};
				};
			};
			buildConfigurationList = 3C31A4522C61328D00A6D1F5 /* Build configuration list for PBXProject "CloudSage" */;
			compatibilityVersion = "Xcode 14.0";
			developmentRegion = ko;
			hasScannedForEncodings = 0;
			knownRegions = (
				en,
				Base,
				ko,
				es,
			);
			mainGroup = 3C31A44E2C61328D00A6D1F5;
			packageReferences = (
				3CEF28212C90A29F009B66E7 /* XCRemoteSwiftPackageReference "swift-package-manager-google-mobile-ads" */,
			);
			productRefGroup = 3C31A4582C61328D00A6D1F5 /* Products */;
			projectDirPath = "";
			projectRoot = "";
			targets = (
				3C31A4562C61328D00A6D1F5 /* CloudSage */,
			);
		};
/* End PBXProject section */

/* Begin PBXResourcesBuildPhase section */
		3C31A4552C61328D00A6D1F5 /* Resources */ = {
			isa = PBXResourcesBuildPhase;
			buildActionMask = 2147483647;
			files = (
				3C31A4622C61328F00A6D1F5 /* Preview Assets.xcassets in Resources */,
				3C31A45F2C61328F00A6D1F5 /* Assets.xcassets in Resources */,
				3C5DE00D2C71E21400A1D0B4 /* Localizable.xcstrings in Resources */,
			);
			runOnlyForDeploymentPostprocessing = 0;
		};
/* End PBXResourcesBuildPhase section */

/* Begin PBXSourcesBuildPhase section */
		3C31A4532C61328D00A6D1F5 /* Sources */ = {
			isa = PBXSourcesBuildPhase;
			buildActionMask = 2147483647;
			files = (
				3C18B1902C64F18700C4C1CA /* BeardOverviewViewModel.swift in Sources */,
				3C31A45D2C61328D00A6D1F5 /* ContentView.swift in Sources */,
				3C31A4912C63F74600A6D1F5 /* TrackResultView.swift in Sources */,
				3C31A4872C63A52B00A6D1F5 /* BeardDesignViewModel.swift in Sources */,
				3C31A48B2C63E59400A6D1F5 /* Cloud.swift in Sources */,
				3C31A48D2C63E94500A6D1F5 /* CameraView.swift in Sources */,
				3C31A45B2C61328D00A6D1F5 /* CloudSageApp.swift in Sources */,
				3CEF28262C90A390009B66E7 /* GoogleMobileAdsManager.swift in Sources */,
				3C31A47F2C626E9400A6D1F5 /* BeardDesignView.swift in Sources */,
				3C31A4982C64D8C800A6D1F5 /* BeardOverviewView.swift in Sources */,
				3C31A47A2C6264D100A6D1F5 /* CornerRadiusExtension.swift in Sources */,
				3C31A4712C6262BB00A6D1F5 /* OnBoardingView.swift in Sources */,
				3C31A4772C62641B00A6D1F5 /* MainView.swift in Sources */,
				3CEF28292C91BB1D009B66E7 /* Common.swift in Sources */,
				3C31A4692C613F8600A6D1F5 /* TypeWriterTextView.swift in Sources */,
				3C31A4892C63BB3600A6D1F5 /* Skin.swift in Sources */,
				3C31A4932C63FAF900A6D1F5 /* ToSquareImageExtension.swift in Sources */,
				3C31A4822C62B55300A6D1F5 /* MainViewModel.swift in Sources */,
				3C31A48F2C63F18A00A6D1F5 /* CameraViewModel.swift in Sources */,
				3C18B2722C6CF84D00C4C1CA /* ShareView.swift in Sources */,
				3C31A4962C64D26000A6D1F5 /* HapticManager.swift in Sources */,
			);
			runOnlyForDeploymentPostprocessing = 0;
		};
/* End PBXSourcesBuildPhase section */

/* Begin XCBuildConfiguration section */
		3C31A4632C61328F00A6D1F5 /* Debug */ = {
			isa = XCBuildConfiguration;
			baseConfigurationReference = 3CEF282A2C91EEEE009B66E7 /* Secrets.xcconfig */;
			buildSettings = {
				ALWAYS_SEARCH_USER_PATHS = NO;
				ASSETCATALOG_COMPILER_GENERATE_SWIFT_ASSET_SYMBOL_EXTENSIONS = YES;
				CLANG_ANALYZER_NONNULL = YES;
				CLANG_ANALYZER_NUMBER_OBJECT_CONVERSION = YES_AGGRESSIVE;
				CLANG_CXX_LANGUAGE_STANDARD = "gnu++20";
				CLANG_ENABLE_MODULES = YES;
				CLANG_ENABLE_OBJC_ARC = YES;
				CLANG_ENABLE_OBJC_WEAK = YES;
				CLANG_WARN_BLOCK_CAPTURE_AUTORELEASING = YES;
				CLANG_WARN_BOOL_CONVERSION = YES;
				CLANG_WARN_COMMA = YES;
				CLANG_WARN_CONSTANT_CONVERSION = YES;
				CLANG_WARN_DEPRECATED_OBJC_IMPLEMENTATIONS = YES;
				CLANG_WARN_DIRECT_OBJC_ISA_USAGE = YES_ERROR;
				CLANG_WARN_DOCUMENTATION_COMMENTS = YES;
				CLANG_WARN_EMPTY_BODY = YES;
				CLANG_WARN_ENUM_CONVERSION = YES;
				CLANG_WARN_INFINITE_RECURSION = YES;
				CLANG_WARN_INT_CONVERSION = YES;
				CLANG_WARN_NON_LITERAL_NULL_CONVERSION = YES;
				CLANG_WARN_OBJC_IMPLICIT_RETAIN_SELF = YES;
				CLANG_WARN_OBJC_LITERAL_CONVERSION = YES;
				CLANG_WARN_OBJC_ROOT_CLASS = YES_ERROR;
				CLANG_WARN_QUOTED_INCLUDE_IN_FRAMEWORK_HEADER = YES;
				CLANG_WARN_RANGE_LOOP_ANALYSIS = YES;
				CLANG_WARN_STRICT_PROTOTYPES = YES;
				CLANG_WARN_SUSPICIOUS_MOVE = YES;
				CLANG_WARN_UNGUARDED_AVAILABILITY = YES_AGGRESSIVE;
				CLANG_WARN_UNREACHABLE_CODE = YES;
				CLANG_WARN__DUPLICATE_METHOD_MATCH = YES;
				COPY_PHASE_STRIP = NO;
				DEBUG_INFORMATION_FORMAT = dwarf;
				ENABLE_STRICT_OBJC_MSGSEND = YES;
				ENABLE_TESTABILITY = YES;
				ENABLE_USER_SCRIPT_SANDBOXING = YES;
				GCC_C_LANGUAGE_STANDARD = gnu17;
				GCC_DYNAMIC_NO_PIC = NO;
				GCC_NO_COMMON_BLOCKS = YES;
				GCC_OPTIMIZATION_LEVEL = 0;
				GCC_PREPROCESSOR_DEFINITIONS = (
					"DEBUG=1",
					"$(inherited)",
				);
				GCC_WARN_64_TO_32_BIT_CONVERSION = YES;
				GCC_WARN_ABOUT_RETURN_TYPE = YES_ERROR;
				GCC_WARN_UNDECLARED_SELECTOR = YES;
				GCC_WARN_UNINITIALIZED_AUTOS = YES_AGGRESSIVE;
				GCC_WARN_UNUSED_FUNCTION = YES;
				GCC_WARN_UNUSED_VARIABLE = YES;
				IPHONEOS_DEPLOYMENT_TARGET = 17.0;
				LOCALIZATION_PREFERS_STRING_CATALOGS = YES;
				MTL_ENABLE_DEBUG_INFO = INCLUDE_SOURCE;
				MTL_FAST_MATH = YES;
				ONLY_ACTIVE_ARCH = YES;
				SDKROOT = iphoneos;
				SWIFT_ACTIVE_COMPILATION_CONDITIONS = "DEBUG $(inherited)";
				SWIFT_OPTIMIZATION_LEVEL = "-Onone";
			};
			name = Debug;
		};
		3C31A4642C61328F00A6D1F5 /* Release */ = {
			isa = XCBuildConfiguration;
			baseConfigurationReference = 3CEF282A2C91EEEE009B66E7 /* Secrets.xcconfig */;
			buildSettings = {
				ALWAYS_SEARCH_USER_PATHS = NO;
				ASSETCATALOG_COMPILER_GENERATE_SWIFT_ASSET_SYMBOL_EXTENSIONS = YES;
				CLANG_ANALYZER_NONNULL = YES;
				CLANG_ANALYZER_NUMBER_OBJECT_CONVERSION = YES_AGGRESSIVE;
				CLANG_CXX_LANGUAGE_STANDARD = "gnu++20";
				CLANG_ENABLE_MODULES = YES;
				CLANG_ENABLE_OBJC_ARC = YES;
				CLANG_ENABLE_OBJC_WEAK = YES;
				CLANG_WARN_BLOCK_CAPTURE_AUTORELEASING = YES;
				CLANG_WARN_BOOL_CONVERSION = YES;
				CLANG_WARN_COMMA = YES;
				CLANG_WARN_CONSTANT_CONVERSION = YES;
				CLANG_WARN_DEPRECATED_OBJC_IMPLEMENTATIONS = YES;
				CLANG_WARN_DIRECT_OBJC_ISA_USAGE = YES_ERROR;
				CLANG_WARN_DOCUMENTATION_COMMENTS = YES;
				CLANG_WARN_EMPTY_BODY = YES;
				CLANG_WARN_ENUM_CONVERSION = YES;
				CLANG_WARN_INFINITE_RECURSION = YES;
				CLANG_WARN_INT_CONVERSION = YES;
				CLANG_WARN_NON_LITERAL_NULL_CONVERSION = YES;
				CLANG_WARN_OBJC_IMPLICIT_RETAIN_SELF = YES;
				CLANG_WARN_OBJC_LITERAL_CONVERSION = YES;
				CLANG_WARN_OBJC_ROOT_CLASS = YES_ERROR;
				CLANG_WARN_QUOTED_INCLUDE_IN_FRAMEWORK_HEADER = YES;
				CLANG_WARN_RANGE_LOOP_ANALYSIS = YES;
				CLANG_WARN_STRICT_PROTOTYPES = YES;
				CLANG_WARN_SUSPICIOUS_MOVE = YES;
				CLANG_WARN_UNGUARDED_AVAILABILITY = YES_AGGRESSIVE;
				CLANG_WARN_UNREACHABLE_CODE = YES;
				CLANG_WARN__DUPLICATE_METHOD_MATCH = YES;
				COPY_PHASE_STRIP = NO;
				DEBUG_INFORMATION_FORMAT = "dwarf-with-dsym";
				ENABLE_NS_ASSERTIONS = NO;
				ENABLE_STRICT_OBJC_MSGSEND = YES;
				ENABLE_USER_SCRIPT_SANDBOXING = YES;
				GCC_C_LANGUAGE_STANDARD = gnu17;
				GCC_NO_COMMON_BLOCKS = YES;
				GCC_WARN_64_TO_32_BIT_CONVERSION = YES;
				GCC_WARN_ABOUT_RETURN_TYPE = YES_ERROR;
				GCC_WARN_UNDECLARED_SELECTOR = YES;
				GCC_WARN_UNINITIALIZED_AUTOS = YES_AGGRESSIVE;
				GCC_WARN_UNUSED_FUNCTION = YES;
				GCC_WARN_UNUSED_VARIABLE = YES;
				IPHONEOS_DEPLOYMENT_TARGET = 17.0;
				LOCALIZATION_PREFERS_STRING_CATALOGS = YES;
				MTL_ENABLE_DEBUG_INFO = NO;
				MTL_FAST_MATH = YES;
				SDKROOT = iphoneos;
				SWIFT_COMPILATION_MODE = wholemodule;
				VALIDATE_PRODUCT = YES;
			};
			name = Release;
		};
		3C31A4662C61328F00A6D1F5 /* Debug */ = {
			isa = XCBuildConfiguration;
			baseConfigurationReference = 3CEF282A2C91EEEE009B66E7 /* Secrets.xcconfig */;
			buildSettings = {
				ASSETCATALOG_COMPILER_APPICON_NAME = AppIcon;
				ASSETCATALOG_COMPILER_GLOBAL_ACCENT_COLOR_NAME = AccentColor;
				CODE_SIGN_STYLE = Automatic;
				CURRENT_PROJECT_VERSION = 1;
				DEVELOPMENT_ASSET_PATHS = "\"CloudSage/Preview Content\"";
				DEVELOPMENT_TEAM = C5ZC74W3Z4;
				ENABLE_PREVIEWS = YES;
				GENERATE_INFOPLIST_FILE = YES;
				INFOPLIST_FILE = CloudSage/Info.plist;
				INFOPLIST_KEY_CFBundleDisplayName = "구름영감";
				INFOPLIST_KEY_NSCameraUsageDescription = "We need camera access to capture clouds and help you find unique beards.";
				INFOPLIST_KEY_NSPhotoLibraryUsageDescription = "We need camera access to capture clouds and help you find unique beards.";
				INFOPLIST_KEY_UIApplicationSceneManifest_Generation = YES;
				INFOPLIST_KEY_UIApplicationSupportsIndirectInputEvents = YES;
				INFOPLIST_KEY_UILaunchScreen_Generation = YES;
				INFOPLIST_KEY_UISupportedInterfaceOrientations = UIInterfaceOrientationPortrait;
				INFOPLIST_KEY_UISupportedInterfaceOrientations_iPad = "UIInterfaceOrientationLandscapeLeft UIInterfaceOrientationLandscapeRight UIInterfaceOrientationPortrait UIInterfaceOrientationPortraitUpsideDown";
				IPHONEOS_DEPLOYMENT_TARGET = 17.0;
				LD_RUNPATH_SEARCH_PATHS = (
					"$(inherited)",
					"@executable_path/Frameworks",
				);
				MARKETING_VERSION = 1.2.0;
				PRODUCT_BUNDLE_IDENTIFIER = com.cloudSage.app;
				PRODUCT_NAME = "$(TARGET_NAME)";
				SUPPORTED_PLATFORMS = "iphoneos iphonesimulator";
				SUPPORTS_MACCATALYST = NO;
				SUPPORTS_MAC_DESIGNED_FOR_IPHONE_IPAD = NO;
				SUPPORTS_XR_DESIGNED_FOR_IPHONE_IPAD = NO;
				SWIFT_EMIT_LOC_STRINGS = YES;
				SWIFT_VERSION = 5.0;
				TARGETED_DEVICE_FAMILY = 1;
			};
			name = Debug;
		};
		3C31A4672C61328F00A6D1F5 /* Release */ = {
			isa = XCBuildConfiguration;
			baseConfigurationReference = 3CEF282A2C91EEEE009B66E7 /* Secrets.xcconfig */;
			buildSettings = {
				ASSETCATALOG_COMPILER_APPICON_NAME = AppIcon;
				ASSETCATALOG_COMPILER_GLOBAL_ACCENT_COLOR_NAME = AccentColor;
				CODE_SIGN_STYLE = Automatic;
				CURRENT_PROJECT_VERSION = 1;
				DEVELOPMENT_ASSET_PATHS = "\"CloudSage/Preview Content\"";
				DEVELOPMENT_TEAM = C5ZC74W3Z4;
				ENABLE_PREVIEWS = YES;
				GENERATE_INFOPLIST_FILE = YES;
				INFOPLIST_FILE = CloudSage/Info.plist;
				INFOPLIST_KEY_CFBundleDisplayName = "구름영감";
				INFOPLIST_KEY_NSCameraUsageDescription = "We need camera access to capture clouds and help you find unique beards.";
				INFOPLIST_KEY_NSPhotoLibraryUsageDescription = "We need camera access to capture clouds and help you find unique beards.";
				INFOPLIST_KEY_UIApplicationSceneManifest_Generation = YES;
				INFOPLIST_KEY_UIApplicationSupportsIndirectInputEvents = YES;
				INFOPLIST_KEY_UILaunchScreen_Generation = YES;
				INFOPLIST_KEY_UISupportedInterfaceOrientations = UIInterfaceOrientationPortrait;
				INFOPLIST_KEY_UISupportedInterfaceOrientations_iPad = "UIInterfaceOrientationLandscapeLeft UIInterfaceOrientationLandscapeRight UIInterfaceOrientationPortrait UIInterfaceOrientationPortraitUpsideDown";
				IPHONEOS_DEPLOYMENT_TARGET = 17.0;
				LD_RUNPATH_SEARCH_PATHS = (
					"$(inherited)",
					"@executable_path/Frameworks",
				);
				MARKETING_VERSION = 1.2.0;
				PRODUCT_BUNDLE_IDENTIFIER = com.cloudSage.app;
				PRODUCT_NAME = "$(TARGET_NAME)";
				SUPPORTED_PLATFORMS = "iphoneos iphonesimulator";
				SUPPORTS_MACCATALYST = NO;
				SUPPORTS_MAC_DESIGNED_FOR_IPHONE_IPAD = NO;
				SUPPORTS_XR_DESIGNED_FOR_IPHONE_IPAD = NO;
				SWIFT_EMIT_LOC_STRINGS = YES;
				SWIFT_VERSION = 5.0;
				TARGETED_DEVICE_FAMILY = 1;
			};
			name = Release;
		};
/* End XCBuildConfiguration section */

/* Begin XCConfigurationList section */
		3C31A4522C61328D00A6D1F5 /* Build configuration list for PBXProject "CloudSage" */ = {
			isa = XCConfigurationList;
			buildConfigurations = (
				3C31A4632C61328F00A6D1F5 /* Debug */,
				3C31A4642C61328F00A6D1F5 /* Release */,
			);
			defaultConfigurationIsVisible = 0;
			defaultConfigurationName = Release;
		};
		3C31A4652C61328F00A6D1F5 /* Build configuration list for PBXNativeTarget "CloudSage" */ = {
			isa = XCConfigurationList;
			buildConfigurations = (
				3C31A4662C61328F00A6D1F5 /* Debug */,
				3C31A4672C61328F00A6D1F5 /* Release */,
			);
			defaultConfigurationIsVisible = 0;
			defaultConfigurationName = Release;
		};
/* End XCConfigurationList section */

/* Begin XCRemoteSwiftPackageReference section */
		3CEF28212C90A29F009B66E7 /* XCRemoteSwiftPackageReference "swift-package-manager-google-mobile-ads" */ = {
			isa = XCRemoteSwiftPackageReference;
			repositoryURL = "https://github.com/googleads/swift-package-manager-google-mobile-ads.git";
			requirement = {
				kind = upToNextMajorVersion;
				minimumVersion = 11.8.0;
			};
		};
/* End XCRemoteSwiftPackageReference section */

/* Begin XCSwiftPackageProductDependency section */
		3CEF28222C90A29F009B66E7 /* GoogleMobileAds */ = {
			isa = XCSwiftPackageProductDependency;
			package = 3CEF28212C90A29F009B66E7 /* XCRemoteSwiftPackageReference "swift-package-manager-google-mobile-ads" */;
			productName = GoogleMobileAds;
		};
/* End XCSwiftPackageProductDependency section */
	};
	rootObject = 3C31A44F2C61328D00A6D1F5 /* Project object */;
}
